<?xml version="1.0" encoding="UTF-8" standalone="yes" ?>
<CodeBlocks_project_file>
	<FileVersion major="1" minor="6" />
	<Project>
		<Option title="desempenhoArvores" />
		<Option pch_mode="2" />
		<Option compiler="gcc" />
		<Build>
			<Target title="Debug">
				<Option output="bin/Debug/desempenhoArvores" prefix_auto="1" extension_auto="1" />
				<Option object_output="obj/Debug/" />
				<Option type="1" />
				<Option compiler="gcc" />
				<Compiler>
					<Add option="-g" />
				</Compiler>
			</Target>
			<Target title="Release">
				<Option output="bin/Release/desempenhoArvores" prefix_auto="1" extension_auto="1" />
				<Option object_output="obj/Release/" />
				<Option type="1" />
				<Option compiler="gcc" />
				<Compiler>
					<Add option="-O2" />
				</Compiler>
				<Linker>
					<Add option="-s" />
				</Linker>
			</Target>
		</Build>
		<Compiler>
			<Add option="-Wall" />
		</Compiler>
		<Unit filename="algoritomoOrdenacao.c">
			<Option compilerVar="CC" />
		</Unit>
		<Unit filename="algoritomoOrdenacao.h" />
		<Unit filename="arvores/ArvoreRubroNegra.c">
			<Option compilerVar="CC" />
		</Unit>
		<Unit filename="arvores/ArvoreRubroNegra.h" />
		<Unit filename="arvores/arvoreAVL.c">
			<Option compilerVar="CC" />
		</Unit>
		<Unit filename="arvores/arvoreAVL.h" />
		<Unit filename="estrutura.c">
			<Option compilerVar="CC" />
		</Unit>
		<Unit filename="estrutura.h" />
		<Unit filename="libPrincipal.c">
			<Option compilerVar="CC" />
		</Unit>
		<Unit filename="libPrincipal.h" />
		<Unit filename="main.c">
			<Option compilerVar="CC" />
		</Unit>
		<Unit filename="manipulacaoArquivo.c">
			<Option compilerVar="CC" />
		</Unit>
		<Unit filename="manipulacaoArquivo.h" />
		<Unit filename="tempo.c">
			<Option compilerVar="CC" />
		</Unit>
		<Unit filename="tempo.h" />
		<Extensions>
			<code_completion />
			<envvars />
			<debugger />
			<lib_finder disable_auto="1" />
		</Extensions>
	</Project>
</CodeBlocks_project_file>
